{
  "name": "tree-sitter-adw-modula2",
  "version": "1.1.0",
  "lockfileVersion": 3,
  "requires": true,
  "packages": {
    "": {
      "name": "tree-sitter-adw-modula2",
      "version": "1.1.0",
      "license": "MIT",
      "devDependencies": {
        "web-tree-sitter": "^0.26.0"
      }
    },
    "node_modules/web-tree-sitter": {
      "version": "0.26.13",
      "resolved": "https://registry.npmjs.org/web-tree-sitter/-/web-tree-sitter-0.26.13.tgz",
      "integrity": "sha512-5bUZ7vbQ1kcondet96wzP974+JfCZDeQ7bTpacICm2nnvHpa5cO0ByRsoMcAhUP+743vpkb4m0BFlVSm+Ye9VA==",
      "dev": true,
      "license": "MIT"
    }
  }
}
